// !$*UTF8*$!
{
	archiveVersion = 1;
	classes = {
	};
	objectVersion = 48;
	objects = {

/* Begin PBXBuildFile section */
		560F76151FA23E6E003E0E23 /* UIImage+GetImagem.swift in Sources */ = {isa = PBXBuildFile; fileRef = 560F76141FA23E6E003E0E23 /* UIImage+GetImagem.swift */; };
		562584D11FA0DA5F008B3F18 /* Albums.swift in Sources */ = {isa = PBXBuildFile; fileRef = 562584D01FA0DA5F008B3F18 /* Albums.swift */; };
		562584D31FA1002F008B3F18 /* Photos.swift in Sources */ = {isa = PBXBuildFile; fileRef = 562584D21FA1002F008B3F18 /* Photos.swift */; };
		562584D91FA10FE5008B3F18 /* AlbumPhotosCollectionViewCell.swift in Sources */ = {isa = PBXBuildFile; fileRef = 562584D81FA10FE5008B3F18 /* AlbumPhotosCollectionViewCell.swift */; };
		562584DB1FA10FFF008B3F18 /* UserAlbumsTableViewCell.swift in Sources */ = {isa = PBXBuildFile; fileRef = 562584DA1FA10FFF008B3F18 /* UserAlbumsTableViewCell.swift */; };
		5632FE2C1F9576B400CA8BF6 /* MapKit.framework in Frameworks */ = {isa = PBXBuildFile; fileRef = 5632FE2B1F9576B400CA8BF6 /* MapKit.framework */; };
		5632FE2E1F957A5F00CA8BF6 /* AddressProtocol.swift in Sources */ = {isa = PBXBuildFile; fileRef = 5632FE2D1F957A5F00CA8BF6 /* AddressProtocol.swift */; };
		56550D3A1F74875A006E22F8 /* AppDelegate.swift in Sources */ = {isa = PBXBuildFile; fileRef = 56550D391F74875A006E22F8 /* AppDelegate.swift */; };
		56550D3F1F74875A006E22F8 /* Main.storyboard in Resources */ = {isa = PBXBuildFile; fileRef = 56550D3D1F74875A006E22F8 /* Main.storyboard */; };
		56550D421F74875A006E22F8 /* Contacts.xcdatamodeld in Sources */ = {isa = PBXBuildFile; fileRef = 56550D401F74875A006E22F8 /* Contacts.xcdatamodeld */; };
		56550D441F74875A006E22F8 /* Assets.xcassets in Resources */ = {isa = PBXBuildFile; fileRef = 56550D431F74875A006E22F8 /* Assets.xcassets */; };
		56550D471F74875A006E22F8 /* LaunchScreen.storyboard in Resources */ = {isa = PBXBuildFile; fileRef = 56550D451F74875A006E22F8 /* LaunchScreen.storyboard */; };
		56550D531F748829006E22F8 /* ContactTableViewController.swift in Sources */ = {isa = PBXBuildFile; fileRef = 56550D521F748829006E22F8 /* ContactTableViewController.swift */; };
		565F3A341F85E56300501758 /* SessionManager.swift in Sources */ = {isa = PBXBuildFile; fileRef = 565F3A331F85E56300501758 /* SessionManager.swift */; };
		567FC5111F81944900DEA6C1 /* Reachability.swift in Sources */ = {isa = PBXBuildFile; fileRef = 567FC5101F81944900DEA6C1 /* Reachability.swift */; };
		568997161F996BAF004F5A2B /* UserViewController.swift in Sources */ = {isa = PBXBuildFile; fileRef = 568997151F996BAF004F5A2B /* UserViewController.swift */; };
		569119B71F7D9C5D002CBB3E /* UserDAO.swift in Sources */ = {isa = PBXBuildFile; fileRef = 569119B61F7D9C5D002CBB3E /* UserDAO.swift */; };
		569119B91F7DBF9C002CBB3E /* AddNewContactTableViewController.swift in Sources */ = {isa = PBXBuildFile; fileRef = 569119B81F7DBF9C002CBB3E /* AddNewContactTableViewController.swift */; };
		56C63BE71F7D5EC800EF30C9 /* Geo.swift in Sources */ = {isa = PBXBuildFile; fileRef = 56C63BE61F7D5EC800EF30C9 /* Geo.swift */; };
		56C63BE91F7D5EDF00EF30C9 /* Company.swift in Sources */ = {isa = PBXBuildFile; fileRef = 56C63BE81F7D5EDF00EF30C9 /* Company.swift */; };
		56C63BEB1F7D5EF500EF30C9 /* Address.swift in Sources */ = {isa = PBXBuildFile; fileRef = 56C63BEA1F7D5EF500EF30C9 /* Address.swift */; };
		56DC52251F86FE950023B7C5 /* MapViewController.swift in Sources */ = {isa = PBXBuildFile; fileRef = 56DC52241F86FE950023B7C5 /* MapViewController.swift */; };
		56F337D81F749E550027E261 /* User.swift in Sources */ = {isa = PBXBuildFile; fileRef = 56F337D71F749E550027E261 /* User.swift */; };
/* End PBXBuildFile section */

/* Begin PBXFileReference section */
		560F76141FA23E6E003E0E23 /* UIImage+GetImagem.swift */ = {isa = PBXFileReference; lastKnownFileType = sourcecode.swift; path = "UIImage+GetImagem.swift"; sourceTree = "<group>"; };
		562584D01FA0DA5F008B3F18 /* Albums.swift */ = {isa = PBXFileReference; lastKnownFileType = sourcecode.swift; path = Albums.swift; sourceTree = "<group>"; };
		562584D21FA1002F008B3F18 /* Photos.swift */ = {isa = PBXFileReference; lastKnownFileType = sourcecode.swift; path = Photos.swift; sourceTree = "<group>"; };
		562584D81FA10FE5008B3F18 /* AlbumPhotosCollectionViewCell.swift */ = {isa = PBXFileReference; lastKnownFileType = sourcecode.swift; path = AlbumPhotosCollectionViewCell.swift; sourceTree = "<group>"; };
		562584DA1FA10FFF008B3F18 /* UserAlbumsTableViewCell.swift */ = {isa = PBXFileReference; lastKnownFileType = sourcecode.swift; path = UserAlbumsTableViewCell.swift; sourceTree = "<group>"; };
		562869A81F748AC80031F51B /* Info.plist */ = {isa = PBXFileReference; lastKnownFileType = text.plist.xml; path = Info.plist; sourceTree = "<group>"; };
		5632FE2B1F9576B400CA8BF6 /* MapKit.framework */ = {isa = PBXFileReference; lastKnownFileType = wrapper.framework; name = MapKit.framework; path = System/Library/Frameworks/MapKit.framework; sourceTree = SDKROOT; };
		5632FE2D1F957A5F00CA8BF6 /* AddressProtocol.swift */ = {isa = PBXFileReference; fileEncoding = 4; lastKnownFileType = sourcecode.swift; path = AddressProtocol.swift; sourceTree = "<group>"; };
		56550D361F74875A006E22F8 /* Contacts.app */ = {isa = PBXFileReference; explicitFileType = wrapper.application; includeInIndex = 0; path = Contacts.app; sourceTree = BUILT_PRODUCTS_DIR; };
		56550D391F74875A006E22F8 /* AppDelegate.swift */ = {isa = PBXFileReference; lastKnownFileType = sourcecode.swift; path = AppDelegate.swift; sourceTree = "<group>"; };
		56550D3E1F74875A006E22F8 /* Base */ = {isa = PBXFileReference; lastKnownFileType = file.storyboard; name = Base; path = Base.lproj/Main.storyboard; sourceTree = "<group>"; };
		56550D411F74875A006E22F8 /* Contacts.xcdatamodel */ = {isa = PBXFileReference; lastKnownFileType = wrapper.xcdatamodel; path = Contacts.xcdatamodel; sourceTree = "<group>"; };
		56550D431F74875A006E22F8 /* Assets.xcassets */ = {isa = PBXFileReference; lastKnownFileType = folder.assetcatalog; path = Assets.xcassets; sourceTree = "<group>"; };
		56550D461F74875A006E22F8 /* Base */ = {isa = PBXFileReference; lastKnownFileType = file.storyboard; name = Base; path = Base.lproj/LaunchScreen.storyboard; sourceTree = "<group>"; };
		56550D521F748829006E22F8 /* ContactTableViewController.swift */ = {isa = PBXFileReference; lastKnownFileType = sourcecode.swift; path = ContactTableViewController.swift; sourceTree = "<group>"; };
		565F3A331F85E56300501758 /* SessionManager.swift */ = {isa = PBXFileReference; lastKnownFileType = sourcecode.swift; path = SessionManager.swift; sourceTree = "<group>"; };
		567FC5101F81944900DEA6C1 /* Reachability.swift */ = {isa = PBXFileReference; lastKnownFileType = sourcecode.swift; path = Reachability.swift; sourceTree = "<group>"; };
		568997151F996BAF004F5A2B /* UserViewController.swift */ = {isa = PBXFileReference; lastKnownFileType = sourcecode.swift; path = UserViewController.swift; sourceTree = "<group>"; };
		569119B61F7D9C5D002CBB3E /* UserDAO.swift */ = {isa = PBXFileReference; lastKnownFileType = sourcecode.swift; path = UserDAO.swift; sourceTree = "<group>"; };
		569119B81F7DBF9C002CBB3E /* AddNewContactTableViewController.swift */ = {isa = PBXFileReference; lastKnownFileType = sourcecode.swift; path = AddNewContactTableViewController.swift; sourceTree = "<group>"; };
		56C63BE61F7D5EC800EF30C9 /* Geo.swift */ = {isa = PBXFileReference; lastKnownFileType = sourcecode.swift; path = Geo.swift; sourceTree = "<group>"; };
		56C63BE81F7D5EDF00EF30C9 /* Company.swift */ = {isa = PBXFileReference; lastKnownFileType = sourcecode.swift; path = Company.swift; sourceTree = "<group>"; };
		56C63BEA1F7D5EF500EF30C9 /* Address.swift */ = {isa = PBXFileReference; lastKnownFileType = sourcecode.swift; path = Address.swift; sourceTree = "<group>"; };
		56DC52241F86FE950023B7C5 /* MapViewController.swift */ = {isa = PBXFileReference; lastKnownFileType = sourcecode.swift; path = MapViewController.swift; sourceTree = "<group>"; };
		56F337D71F749E550027E261 /* User.swift */ = {isa = PBXFileReference; lastKnownFileType = sourcecode.swift; path = User.swift; sourceTree = "<group>"; };
/* End PBXFileReference section */

/* Begin PBXFrameworksBuildPhase section */
		56550D331F74875A006E22F8 /* Frameworks */ = {
			isa = PBXFrameworksBuildPhase;
			buildActionMask = 2147483647;
			files = (
				5632FE2C1F9576B400CA8BF6 /* MapKit.framework in Frameworks */,
			);
			runOnlyForDeploymentPostprocessing = 0;
		};
/* End PBXFrameworksBuildPhase section */

/* Begin PBXGroup section */
		5632FE2A1F9576B400CA8BF6 /* Frameworks */ = {
			isa = PBXGroup;
			children = (
				5632FE2B1F9576B400CA8BF6 /* MapKit.framework */,
			);
			name = Frameworks;
			sourceTree = "<group>";
		};
		56550D2D1F74875A006E22F8 = {
			isa = PBXGroup;
			children = (
				56550D381F74875A006E22F8 /* Contacts */,
				56550D371F74875A006E22F8 /* Products */,
				5632FE2A1F9576B400CA8BF6 /* Frameworks */,
			);
			sourceTree = "<group>";
		};
		56550D371F74875A006E22F8 /* Products */ = {
			isa = PBXGroup;
			children = (
				56550D361F74875A006E22F8 /* Contacts.app */,
			);
			name = Products;
			sourceTree = "<group>";
		};
		56550D381F74875A006E22F8 /* Contacts */ = {
			isa = PBXGroup;
			children = (
				56550D4F1F7487EE006E22F8 /* Model */,
				56550D501F7487F4006E22F8 /* Controller */,
				56550D511F7487FA006E22F8 /* Supporting Files */,
				56550D4E1F7487E9006E22F8 /* View */,
				56550D401F74875A006E22F8 /* Contacts.xcdatamodeld */,
			);
			path = Contacts;
			sourceTree = "<group>";
		};
		56550D4E1F7487E9006E22F8 /* View */ = {
			isa = PBXGroup;
			children = (
				56550D451F74875A006E22F8 /* LaunchScreen.storyboard */,
				56550D3D1F74875A006E22F8 /* Main.storyboard */,
				562584D81FA10FE5008B3F18 /* AlbumPhotosCollectionViewCell.swift */,
				562584DA1FA10FFF008B3F18 /* UserAlbumsTableViewCell.swift */,
			);
			path = View;
			sourceTree = "<group>";
		};
		56550D4F1F7487EE006E22F8 /* Model */ = {
			isa = PBXGroup;
			children = (
				5632FE2D1F957A5F00CA8BF6 /* AddressProtocol.swift */,
				56F337D71F749E550027E261 /* User.swift */,
				56C63BE61F7D5EC800EF30C9 /* Geo.swift */,
				56C63BE81F7D5EDF00EF30C9 /* Company.swift */,
				56C63BEA1F7D5EF500EF30C9 /* Address.swift */,
				569119B61F7D9C5D002CBB3E /* UserDAO.swift */,
				567FC5101F81944900DEA6C1 /* Reachability.swift */,
				565F3A331F85E56300501758 /* SessionManager.swift */,
				562584D01FA0DA5F008B3F18 /* Albums.swift */,
				562584D21FA1002F008B3F18 /* Photos.swift */,
				560F76141FA23E6E003E0E23 /* UIImage+GetImagem.swift */,
			);
			path = Model;
			sourceTree = "<group>";
		};
		56550D501F7487F4006E22F8 /* Controller */ = {
			isa = PBXGroup;
			children = (
				56550D521F748829006E22F8 /* ContactTableViewController.swift */,
				569119B81F7DBF9C002CBB3E /* AddNewContactTableViewController.swift */,
				56DC52241F86FE950023B7C5 /* MapViewController.swift */,
				568997151F996BAF004F5A2B /* UserViewController.swift */,
			);
			path = Controller;
			sourceTree = "<group>";
		};
		56550D511F7487FA006E22F8 /* Supporting Files */ = {
			isa = PBXGroup;
			children = (
				56550D391F74875A006E22F8 /* AppDelegate.swift */,
				56550D431F74875A006E22F8 /* Assets.xcassets */,
				562869A81F748AC80031F51B /* Info.plist */,
			);
			path = "Supporting Files";
			sourceTree = "<group>";
		};
/* End PBXGroup section */

/* Begin PBXNativeTarget section */
		56550D351F74875A006E22F8 /* Contacts */ = {
			isa = PBXNativeTarget;
			buildConfigurationList = 56550D4B1F74875A006E22F8 /* Build configuration list for PBXNativeTarget "Contacts" */;
			buildPhases = (
				56550D321F74875A006E22F8 /* Sources */,
				56550D331F74875A006E22F8 /* Frameworks */,
				56550D341F74875A006E22F8 /* Resources */,
			);
			buildRules = (
			);
			dependencies = (
			);
			name = Contacts;
			productName = Contacts;
			productReference = 56550D361F74875A006E22F8 /* Contacts.app */;
			productType = "com.apple.product-type.application";
		};
/* End PBXNativeTarget section */

/* Begin PBXProject section */
		56550D2E1F74875A006E22F8 /* Project object */ = {
			isa = PBXProject;
			attributes = {
				LastSwiftUpdateCheck = 0900;
				LastUpgradeCheck = 0900;
				ORGANIZATIONNAME = "Mariana Rios Silveira Carvalho";
				TargetAttributes = {
					56550D351F74875A006E22F8 = {
						CreatedOnToolsVersion = 9.0;
						ProvisioningStyle = Automatic;
						SystemCapabilities = {
							com.apple.Maps.iOS = {
								enabled = 1;
							};
						};
					};
				};
			};
			buildConfigurationList = 56550D311F74875A006E22F8 /* Build configuration list for PBXProject "Contacts" */;
			compatibilityVersion = "Xcode 8.0";
			developmentRegion = en;
			hasScannedForEncodings = 0;
			knownRegions = (
				en,
				Base,
			);
			mainGroup = 56550D2D1F74875A006E22F8;
			productRefGroup = 56550D371F74875A006E22F8 /* Products */;
			projectDirPath = "";
			projectRoot = "";
			targets = (
				56550D351F74875A006E22F8 /* Contacts */,
			);
		};
/* End PBXProject section */

/* Begin PBXResourcesBuildPhase section */
		56550D341F74875A006E22F8 /* Resources */ = {
			isa = PBXResourcesBuildPhase;
			buildActionMask = 2147483647;
			files = (
				56550D471F74875A006E22F8 /* LaunchScreen.storyboard in Resources */,
				56550D441F74875A006E22F8 /* Assets.xcassets in Resources */,
				56550D3F1F74875A006E22F8 /* Main.storyboard in Resources */,
			);
			runOnlyForDeploymentPostprocessing = 0;
		};
/* End PBXResourcesBuildPhase section */

/* Begin PBXSourcesBuildPhase section */
		56550D321F74875A006E22F8 /* Sources */ = {
			isa = PBXSourcesBuildPhase;
			buildActionMask = 2147483647;
			files = (
				562584D11FA0DA5F008B3F18 /* Albums.swift in Sources */,
				56F337D81F749E550027E261 /* User.swift in Sources */,
				562584DB1FA10FFF008B3F18 /* UserAlbumsTableViewCell.swift in Sources */,
				560F76151FA23E6E003E0E23 /* UIImage+GetImagem.swift in Sources */,
				56550D3A1F74875A006E22F8 /* AppDelegate.swift in Sources */,
				56550D421F74875A006E22F8 /* Contacts.xcdatamodeld in Sources */,
				569119B71F7D9C5D002CBB3E /* UserDAO.swift in Sources */,
				56550D531F748829006E22F8 /* ContactTableViewController.swift in Sources */,
				56C63BE71F7D5EC800EF30C9 /* Geo.swift in Sources */,
				5632FE2E1F957A5F00CA8BF6 /* AddressProtocol.swift in Sources */,
				568997161F996BAF004F5A2B /* UserViewController.swift in Sources */,
				56C63BE91F7D5EDF00EF30C9 /* Company.swift in Sources */,
				56DC52251F86FE950023B7C5 /* MapViewController.swift in Sources */,
				569119B91F7DBF9C002CBB3E /* AddNewContactTableViewController.swift in Sources */,
				567FC5111F81944900DEA6C1 /* Reachability.swift in Sources */,
				562584D91FA10FE5008B3F18 /* AlbumPhotosCollectionViewCell.swift in Sources */,
				56C63BEB1F7D5EF500EF30C9 /* Address.swift in Sources */,
				562584D31FA1002F008B3F18 /* Photos.swift in Sources */,
				565F3A341F85E56300501758 /* SessionManager.swift in Sources */,
			);
			runOnlyForDeploymentPostprocessing = 0;
		};
/* End PBXSourcesBuildPhase section */

/* Begin PBXVariantGroup section */
		56550D3D1F74875A006E22F8 /* Main.storyboard */ = {
			isa = PBXVariantGroup;
			children = (
				56550D3E1F74875A006E22F8 /* Base */,
			);
			name = Main.storyboard;
			path = .;
			sourceTree = "<group>";
		};
		56550D451F74875A006E22F8 /* LaunchScreen.storyboard */ = {
			isa = PBXVariantGroup;
			children = (
				56550D461F74875A006E22F8 /* Base */,
			);
			name = LaunchScreen.storyboard;
			path = .;
			sourceTree = "<group>";
		};
/* End PBXVariantGroup section */

/* Begin XCBuildConfiguration section */
		56550D491F74875A006E22F8 /* Debug */ = {
			isa = XCBuildConfiguration;
			buildSettings = {
				ALWAYS_SEARCH_USER_PATHS = NO;
				CLANG_ANALYZER_NONNULL = YES;
				CLANG_ANALYZER_NUMBER_OBJECT_CONVERSION = YES_AGGRESSIVE;
				CLANG_CXX_LANGUAGE_STANDARD = "gnu++14";
				CLANG_CXX_LIBRARY = "libc++";
				CLANG_ENABLE_MODULES = YES;
				CLANG_ENABLE_OBJC_ARC = YES;
				CLANG_WARN_BLOCK_CAPTURE_AUTORELEASING = YES;
				CLANG_WARN_BOOL_CONVERSION = YES;
				CLANG_WARN_COMMA = YES;
				CLANG_WARN_CONSTANT_CONVERSION = YES;
				CLANG_WARN_DIRECT_OBJC_ISA_USAGE = YES_ERROR;
				CLANG_WARN_DOCUMENTATION_COMMENTS = YES;
				CLANG_WARN_EMPTY_BODY = YES;
				CLANG_WARN_ENUM_CONVERSION = YES;
				CLANG_WARN_INFINITE_RECURSION = YES;
				CLANG_WARN_INT_CONVERSION = YES;
				CLANG_WARN_NON_LITERAL_NULL_CONVERSION = YES;
				CLANG_WARN_OBJC_LITERAL_CONVERSION = YES;
				CLANG_WARN_OBJC_ROOT_CLASS = YES_ERROR;
				CLANG_WARN_RANGE_LOOP_ANALYSIS = YES;
				CLANG_WARN_STRICT_PROTOTYPES = YES;
				CLANG_WARN_SUSPICIOUS_MOVE = YES;
				CLANG_WARN_UNGUARDED_AVAILABILITY = YES_AGGRESSIVE;
				CLANG_WARN_UNREACHABLE_CODE = YES;
				CLANG_WARN__DUPLICATE_METHOD_MATCH = YES;
				CODE_SIGN_IDENTITY = "iPhone Developer";
				COPY_PHASE_STRIP = NO;
				DEBUG_INFORMATION_FORMAT = dwarf;
				ENABLE_STRICT_OBJC_MSGSEND = YES;
				ENABLE_TESTABILITY = YES;
				GCC_C_LANGUAGE_STANDARD = gnu11;
				GCC_DYNAMIC_NO_PIC = NO;
				GCC_NO_COMMON_BLOCKS = YES;
				GCC_OPTIMIZATION_LEVEL = 0;
				GCC_PREPROCESSOR_DEFINITIONS = (
					"DEBUG=1",
					"$(inherited)",
				);
				GCC_WARN_64_TO_32_BIT_CONVERSION = YES;
				GCC_WARN_ABOUT_RETURN_TYPE = YES_ERROR;
				GCC_WARN_UNDECLARED_SELECTOR = YES;
				GCC_WARN_UNINITIALIZED_AUTOS = YES_AGGRESSIVE;
				GCC_WARN_UNUSED_FUNCTION = YES;
				GCC_WARN_UNUSED_VARIABLE = YES;
				IPHONEOS_DEPLOYMENT_TARGET = 11.0;
				MTL_ENABLE_DEBUG_INFO = YES;
				ONLY_ACTIVE_ARCH = YES;
				SDKROOT = iphoneos;
				SWIFT_ACTIVE_COMPILATION_CONDITIONS = DEBUG;
				SWIFT_OPTIMIZATION_LEVEL = "-Onone";
			};
			name = Debug;
		};
		56550D4A1F74875A006E22F8 /* Release */ = {
			isa = XCBuildConfiguration;
			buildSettings = {
				ALWAYS_SEARCH_USER_PATHS = NO;
				CLANG_ANALYZER_NONNULL = YES;
				CLANG_ANALYZER_NUMBER_OBJECT_CONVERSION = YES_AGGRESSIVE;
				CLANG_CXX_LANGUAGE_STANDARD = "gnu++14";
				CLANG_CXX_LIBRARY = "libc++";
				CLANG_ENABLE_MODULES = YES;
				CLANG_ENABLE_OBJC_ARC = YES;
				CLANG_WARN_BLOCK_CAPTURE_AUTORELEASING = YES;
				CLANG_WARN_BOOL_CONVERSION = YES;
				CLANG_WARN_COMMA = YES;
				CLANG_WARN_CONSTANT_CONVERSION = YES;
				CLANG_WARN_DIRECT_OBJC_ISA_USAGE = YES_ERROR;
				CLANG_WARN_DOCUMENTATION_COMMENTS = YES;
				CLANG_WARN_EMPTY_BODY = YES;
				CLANG_WARN_ENUM_CONVERSION = YES;
				CLANG_WARN_INFINITE_RECURSION = YES;
				CLANG_WARN_INT_CONVERSION = YES;
				CLANG_WARN_NON_LITERAL_NULL_CONVERSION = YES;
				CLANG_WARN_OBJC_LITERAL_CONVERSION = YES;
				CLANG_WARN_OBJC_ROOT_CLASS = YES_ERROR;
				CLANG_WARN_RANGE_LOOP_ANALYSIS = YES;
				CLANG_WARN_STRICT_PROTOTYPES = YES;
				CLANG_WARN_SUSPICIOUS_MOVE = YES;
				CLANG_WARN_UNGUARDED_AVAILABILITY = YES_AGGRESSIVE;
				CLANG_WARN_UNREACHABLE_CODE = YES;
				CLANG_WARN__DUPLICATE_METHOD_MATCH = YES;
				CODE_SIGN_IDENTITY = "iPhone Developer";
				COPY_PHASE_STRIP = NO;
				DEBUG_INFORMATION_FORMAT = "dwarf-with-dsym";
				ENABLE_NS_ASSERTIONS = NO;
				ENABLE_STRICT_OBJC_MSGSEND = YES;
				GCC_C_LANGUAGE_STANDARD = gnu11;
				GCC_NO_COMMON_BLOCKS = YES;
				GCC_WARN_64_TO_32_BIT_CONVERSION = YES;
				GCC_WARN_ABOUT_RETURN_TYPE = YES_ERROR;
				GCC_WARN_UNDECLARED_SELECTOR = YES;
				GCC_WARN_UNINITIALIZED_AUTOS = YES_AGGRESSIVE;
				GCC_WARN_UNUSED_FUNCTION = YES;
				GCC_WARN_UNUSED_VARIABLE = YES;
				IPHONEOS_DEPLOYMENT_TARGET = 11.0;
				MTL_ENABLE_DEBUG_INFO = NO;
				SDKROOT = iphoneos;
				SWIFT_OPTIMIZATION_LEVEL = "-Owholemodule";
				VALIDATE_PRODUCT = YES;
			};
			name = Release;
		};
		56550D4C1F74875A006E22F8 /* Debug */ = {
			isa = XCBuildConfiguration;
			buildSettings = {
				ASSETCATALOG_COMPILER_APPICON_NAME = AppIcon;
				CODE_SIGN_STYLE = Automatic;
				DEVELOPMENT_TEAM = RP89378SM9;
				INFOPLIST_FILE = "$(SRCROOT)/Contacts/Supporting Files/Info.plist";
				LD_RUNPATH_SEARCH_PATHS = "$(inherited) @executable_path/Frameworks";
				PRODUCT_BUNDLE_IDENTIFIER = com.maryshkamy.Contacts;
				PRODUCT_NAME = "$(TARGET_NAME)";
				SWIFT_VERSION = 4.0;
				TARGETED_DEVICE_FAMILY = "1,2";
			};
			name = Debug;
		};
		56550D4D1F74875A006E22F8 /* Release */ = {
			isa = XCBuildConfiguration;
			buildSettings = {
				ASSETCATALOG_COMPILER_APPICON_NAME = AppIcon;
				CODE_SIGN_STYLE = Automatic;
				DEVELOPMENT_TEAM = RP89378SM9;
				INFOPLIST_FILE = "$(SRCROOT)/Contacts/Supporting Files/Info.plist";
				LD_RUNPATH_SEARCH_PATHS = "$(inherited) @executable_path/Frameworks";
				PRODUCT_BUNDLE_IDENTIFIER = com.maryshkamy.Contacts;
				PRODUCT_NAME = "$(TARGET_NAME)";
				SWIFT_VERSION = 4.0;
				TARGETED_DEVICE_FAMILY = "1,2";
			};
			name = Release;
		};
/* End XCBuildConfiguration section */

/* Begin XCConfigurationList section */
		56550D311F74875A006E22F8 /* Build configuration list for PBXProject "Contacts" */ = {
			isa = XCConfigurationList;
			buildConfigurations = (
				56550D491F74875A006E22F8 /* Debug */,
				56550D4A1F74875A006E22F8 /* Release */,
			);
			defaultConfigurationIsVisible = 0;
			defaultConfigurationName = Release;
		};
		56550D4B1F74875A006E22F8 /* Build configuration list for PBXNativeTarget "Contacts" */ = {
			isa = XCConfigurationList;
			buildConfigurations = (
				56550D4C1F74875A006E22F8 /* Debug */,
				56550D4D1F74875A006E22F8 /* Release */,
			);
			defaultConfigurationIsVisible = 0;
			defaultConfigurationName = Release;
		};
/* End XCConfigurationList section */

/* Begin XCVersionGroup section */
		56550D401F74875A006E22F8 /* Contacts.xcdatamodeld */ = {
			isa = XCVersionGroup;
			children = (
				56550D411F74875A006E22F8 /* Contacts.xcdatamodel */,
			);
			currentVersion = 56550D411F74875A006E22F8 /* Contacts.xcdatamodel */;
			path = Contacts.xcdatamodeld;
			sourceTree = "<group>";
			versionGroupType = wrapper.xcdatamodel;
		};
/* End XCVersionGroup section */
	};
	rootObject = 56550D2E1F74875A006E22F8 /* Project object */;
}
